
Microsoft Visual Studio Solution File, Format Version 12.00
# Visual Studio Version 17
VisualStudioVersion = 17.13.35931.197 d17.13
MinimumVisualStudioVersion = 10.0.40219.1
Project("{FAE04EC0-301F-11D3-BF4B-00C04F79EFBC}") = "activity5", "activity5.csproj", "{7E9382CF-5AEE-4300-A51A-612DFEAD689F}"
EndProject
Global
	GlobalSection(SolutionConfigurationPlatforms) = preSolution
		Debug|Any CPU = Debug|Any CPU
		Release|Any CPU = Release|Any CPU
	EndGlobalSection
	GlobalSection(ProjectConfigurationPlatforms) = postSolution
		{7E9382CF-5AEE-4300-A51A-612DFEAD689F}.Debug|Any CPU.ActiveCfg = Debug|Any CPU
		{7E9382CF-5AEE-4300-A51A-612DFEAD689F}.Debug|Any CPU.Build.0 = Debug|Any CPU
		{7E9382CF-5AEE-4300-A51A-612DFEAD689F}.Release|Any CPU.ActiveCfg = Release|Any CPU
		{7E9382CF-5AEE-4300-A51A-612DFEAD689F}.Release|Any CPU.Build.0 = Release|Any CPU
	EndGlobalSection
	GlobalSection(SolutionProperties) = preSolution
		HideSolutionNode = FALSE
	EndGlobalSection
	GlobalSection(ExtensibilityGlobals) = postSolution
		SolutionGuid = {BDFB421B-4E73-40A9-BA36-0B0D536D72E7}
	EndGlobalSection
EndGlobal
