
Microsoft Visual Studio Solution File, Format Version 12.00
# Visual Studio Version 17
VisualStudioVersion = 17.13.35931.197 d17.13
MinimumVisualStudioVersion = 10.0.40219.1
Project("{FAE04EC0-301F-11D3-BF4B-00C04F79EFBC}") = "activity6", "activity6.csproj", "{0B7D146B-CE50-44AE-801D-3E22346EF572}"
EndProject
Global
	GlobalSection(SolutionConfigurationPlatforms) = preSolution
		Debug|Any CPU = Debug|Any CPU
		Release|Any CPU = Release|Any CPU
	EndGlobalSection
	GlobalSection(ProjectConfigurationPlatforms) = postSolution
		{0B7D146B-CE50-44AE-801D-3E22346EF572}.Debug|Any CPU.ActiveCfg = Debug|Any CPU
		{0B7D146B-CE50-44AE-801D-3E22346EF572}.Debug|Any CPU.Build.0 = Debug|Any CPU
		{0B7D146B-CE50-44AE-801D-3E22346EF572}.Release|Any CPU.ActiveCfg = Release|Any CPU
		{0B7D146B-CE50-44AE-801D-3E22346EF572}.Release|Any CPU.Build.0 = Release|Any CPU
	EndGlobalSection
	GlobalSection(SolutionProperties) = preSolution
		HideSolutionNode = FALSE
	EndGlobalSection
	GlobalSection(ExtensibilityGlobals) = postSolution
		SolutionGuid = {8FC720B1-C23A-4CC5-B87A-2258CF6B94BC}
	EndGlobalSection
EndGlobal
